
Microsoft Visual Studio Solution File, Format Version 12.00
# Visual Studio Version 17
VisualStudioVersion = 17.2.32630.192
MinimumVisualStudioVersion = 10.0.40219.1
Project("{8BC9CEB8-8B4A-11D0-8D11-00A0C91BC942}") = "DistanciaDosPuntos", "DistanciaDosPuntos.vcxproj", "{9B2BA384-6E84-4212-811B-18E0B4AAA54D}"
EndProject
Global
	GlobalSection(SolutionConfigurationPlatforms) = preSolution
		Debug|x64 = Debug|x64
		Debug|x86 = Debug|x86
		Release|x64 = Release|x64
		Release|x86 = Release|x86
	EndGlobalSection
	GlobalSection(ProjectConfigurationPlatforms) = postSolution
		{9B2BA384-6E84-4212-811B-18E0B4AAA54D}.Debug|x64.ActiveCfg = Debug|x64
		{9B2BA384-6E84-4212-811B-18E0B4AAA54D}.Debug|x64.Build.0 = Debug|x64
		{9B2BA384-6E84-4212-811B-18E0B4AAA54D}.Debug|x86.ActiveCfg = Debug|Win32
		{9B2BA384-6E84-4212-811B-18E0B4AAA54D}.Debug|x86.Build.0 = Debug|Win32
		{9B2BA384-6E84-4212-811B-18E0B4AAA54D}.Release|x64.ActiveCfg = Release|x64
		{9B2BA384-6E84-4212-811B-18E0B4AAA54D}.Release|x64.Build.0 = Release|x64
		{9B2BA384-6E84-4212-811B-18E0B4AAA54D}.Release|x86.ActiveCfg = Release|Win32
		{9B2BA384-6E84-4212-811B-18E0B4AAA54D}.Release|x86.Build.0 = Release|Win32
	EndGlobalSection
	GlobalSection(SolutionProperties) = preSolution
		HideSolutionNode = FALSE
	EndGlobalSection
	GlobalSection(ExtensibilityGlobals) = postSolution
		SolutionGuid = {DDACFC0B-B888-4FC3-8A1C-5C2B43EB7B07}
	EndGlobalSection
EndGlobal
